
Microsoft Visual Studio Solution File, Format Version 12.00
# Visual Studio Version 17
VisualStudioVersion = 17.8.34330.188
MinimumVisualStudioVersion = 10.0.40219.1
Project("{FAE04EC0-301F-11D3-BF4B-00C04F79EFBC}") = "Examen_DAW.Server", "Examen_DAW.Server\Examen_DAW.Server.csproj", "{78BCE12C-6BAD-4472-B18A-A58D137FA35D}"
EndProject
Project("{54A90642-561A-4BB1-A94E-469ADEE60C69}") = "examen_daw.client", "examen_daw.client\examen_daw.client.esproj", "{6B43F578-474D-44F8-B301-7B0042B62125}"
EndProject
Global
	GlobalSection(SolutionConfigurationPlatforms) = preSolution
		Debug|Any CPU = Debug|Any CPU
		Release|Any CPU = Release|Any CPU
	EndGlobalSection
	GlobalSection(ProjectConfigurationPlatforms) = postSolution
		{78BCE12C-6BAD-4472-B18A-A58D137FA35D}.Debug|Any CPU.ActiveCfg = Debug|Any CPU
		{78BCE12C-6BAD-4472-B18A-A58D137FA35D}.Debug|Any CPU.Build.0 = Debug|Any CPU
		{78BCE12C-6BAD-4472-B18A-A58D137FA35D}.Release|Any CPU.ActiveCfg = Release|Any CPU
		{78BCE12C-6BAD-4472-B18A-A58D137FA35D}.Release|Any CPU.Build.0 = Release|Any CPU
		{6B43F578-474D-44F8-B301-7B0042B62125}.Debug|Any CPU.ActiveCfg = Debug|Any CPU
		{6B43F578-474D-44F8-B301-7B0042B62125}.Debug|Any CPU.Build.0 = Debug|Any CPU
		{6B43F578-474D-44F8-B301-7B0042B62125}.Debug|Any CPU.Deploy.0 = Debug|Any CPU
		{6B43F578-474D-44F8-B301-7B0042B62125}.Release|Any CPU.ActiveCfg = Release|Any CPU
		{6B43F578-474D-44F8-B301-7B0042B62125}.Release|Any CPU.Build.0 = Release|Any CPU
		{6B43F578-474D-44F8-B301-7B0042B62125}.Release|Any CPU.Deploy.0 = Release|Any CPU
	EndGlobalSection
	GlobalSection(SolutionProperties) = preSolution
		HideSolutionNode = FALSE
	EndGlobalSection
	GlobalSection(ExtensibilityGlobals) = postSolution
		SolutionGuid = {099A698E-EEDE-4B8F-81B9-C3E15D6948BE}
	EndGlobalSection
EndGlobal
